
Microsoft Visual Studio Solution File, Format Version 12.00
Project("{2150E333-8FDC-42A3-9474-1A3956D46DE8}") = "Adapters", "Adapters", "{D1F683FC-C6D7-486C-9A1A-B8ED524E5E85}"
EndProject
Project("{2150E333-8FDC-42A3-9474-1A3956D46DE8}") = "Core", "Core", "{50188210-8740-4AEF-83E8-B24400D96E42}"
EndProject
Project("{2150E333-8FDC-42A3-9474-1A3956D46DE8}") = "Driven", "Driven", "{3F1A97BB-C32C-4184-9F61-2C5983EA5443}"
EndProject
Project("{2150E333-8FDC-42A3-9474-1A3956D46DE8}") = "Driving", "Driving", "{E4D176E6-3E0C-46C3-B004-1559DE31701B}"
EndProject
Project("{2150E333-8FDC-42A3-9474-1A3956D46DE8}") = "Application", "Application", "{4B0B144C-8B9E-4B3A-ADE8-7190DD4C5CFA}"
EndProject
Project("{2150E333-8FDC-42A3-9474-1A3956D46DE8}") = "Domain", "Domain", "{650416FA-A7AB-49B7-9241-639FD3C2A933}"
EndProject
Project("{2150E333-8FDC-42A3-9474-1A3956D46DE8}") = "Apis", "Apis", "{D240643C-620C-4E9E-893E-A164BB788136}"
EndProject
Project("{FAE04EC0-301F-11D3-BF4B-00C04F79EFBC}") = "GamePlatform.Pagamentos.Api", "Adapters\Driving\Apis\GamePlatform.Pagamentos.Api\GamePlatform.Pagamentos.Api.csproj", "{15042603-9F06-46D3-BFBB-03C5C8E7349B}"
EndProject
Project("{FAE04EC0-301F-11D3-BF4B-00C04F79EFBC}") = "GamePlatform.Pagamentos.Application", "Core\Application\GamePlatform.Pagamentos.Application\GamePlatform.Pagamentos.Application.csproj", "{17EC90E9-824A-4431-826F-7BEA6A2F063F}"
EndProject
Project("{FAE04EC0-301F-11D3-BF4B-00C04F79EFBC}") = "GamePlatform.Pagamentos.Domain", "Core\Domain\GamePlatform.Pagamentos.Domain\GamePlatform.Pagamentos.Domain.csproj", "{AFD9DB0F-F9AD-4079-A1FA-400EBF9DFB8A}"
EndProject
Project("{2150E333-8FDC-42A3-9474-1A3956D46DE8}") = "Infrastructure", "Infrastructure", "{28C49793-575A-4203-BECB-300274F04E5C}"
EndProject
Project("{FAE04EC0-301F-11D3-BF4B-00C04F79EFBC}") = "GamePlatform.Pagamentos.Infrastructure", "Adapters\Driven\Infrastructure\GamePlatform.Pagamentos.Infrastructure\GamePlatform.Pagamentos.Infrastructure.csproj", "{314A22F2-1509-4818-9759-ABCE43F9F84E}"
EndProject
Project("{2150E333-8FDC-42A3-9474-1A3956D46DE8}") = "Tests", "Tests", "{7D6F771F-5EBE-4C7C-AA74-E32FE77EA8E2}"
EndProject
Project("{FAE04EC0-301F-11D3-BF4B-00C04F79EFBC}") = "GamePlatform.Pagamentos.Tests", "Tests\GamePlatform.Pagamentos.Tests\GamePlatform.Pagamentos.Tests.csproj", "{395D626A-AE58-4C87-9C68-CC7C982DFAE8}"
EndProject
Global
	GlobalSection(SolutionConfigurationPlatforms) = preSolution
		Debug|Any CPU = Debug|Any CPU
		Release|Any CPU = Release|Any CPU
	EndGlobalSection
	GlobalSection(NestedProjects) = preSolution
		{3F1A97BB-C32C-4184-9F61-2C5983EA5443} = {D1F683FC-C6D7-486C-9A1A-B8ED524E5E85}
		{E4D176E6-3E0C-46C3-B004-1559DE31701B} = {D1F683FC-C6D7-486C-9A1A-B8ED524E5E85}
		{4B0B144C-8B9E-4B3A-ADE8-7190DD4C5CFA} = {50188210-8740-4AEF-83E8-B24400D96E42}
		{650416FA-A7AB-49B7-9241-639FD3C2A933} = {50188210-8740-4AEF-83E8-B24400D96E42}
		{D240643C-620C-4E9E-893E-A164BB788136} = {E4D176E6-3E0C-46C3-B004-1559DE31701B}
		{15042603-9F06-46D3-BFBB-03C5C8E7349B} = {D240643C-620C-4E9E-893E-A164BB788136}
		{17EC90E9-824A-4431-826F-7BEA6A2F063F} = {4B0B144C-8B9E-4B3A-ADE8-7190DD4C5CFA}
		{AFD9DB0F-F9AD-4079-A1FA-400EBF9DFB8A} = {650416FA-A7AB-49B7-9241-639FD3C2A933}
		{28C49793-575A-4203-BECB-300274F04E5C} = {3F1A97BB-C32C-4184-9F61-2C5983EA5443}
		{314A22F2-1509-4818-9759-ABCE43F9F84E} = {28C49793-575A-4203-BECB-300274F04E5C}
		{395D626A-AE58-4C87-9C68-CC7C982DFAE8} = {7D6F771F-5EBE-4C7C-AA74-E32FE77EA8E2}
	EndGlobalSection
	GlobalSection(ProjectConfigurationPlatforms) = postSolution
		{15042603-9F06-46D3-BFBB-03C5C8E7349B}.Debug|Any CPU.ActiveCfg = Debug|Any CPU
		{15042603-9F06-46D3-BFBB-03C5C8E7349B}.Debug|Any CPU.Build.0 = Debug|Any CPU
		{15042603-9F06-46D3-BFBB-03C5C8E7349B}.Release|Any CPU.ActiveCfg = Release|Any CPU
		{15042603-9F06-46D3-BFBB-03C5C8E7349B}.Release|Any CPU.Build.0 = Release|Any CPU
		{17EC90E9-824A-4431-826F-7BEA6A2F063F}.Debug|Any CPU.ActiveCfg = Debug|Any CPU
		{17EC90E9-824A-4431-826F-7BEA6A2F063F}.Debug|Any CPU.Build.0 = Debug|Any CPU
		{17EC90E9-824A-4431-826F-7BEA6A2F063F}.Release|Any CPU.ActiveCfg = Release|Any CPU
		{17EC90E9-824A-4431-826F-7BEA6A2F063F}.Release|Any CPU.Build.0 = Release|Any CPU
		{AFD9DB0F-F9AD-4079-A1FA-400EBF9DFB8A}.Debug|Any CPU.ActiveCfg = Debug|Any CPU
		{AFD9DB0F-F9AD-4079-A1FA-400EBF9DFB8A}.Debug|Any CPU.Build.0 = Debug|Any CPU
		{AFD9DB0F-F9AD-4079-A1FA-400EBF9DFB8A}.Release|Any CPU.ActiveCfg = Release|Any CPU
		{AFD9DB0F-F9AD-4079-A1FA-400EBF9DFB8A}.Release|Any CPU.Build.0 = Release|Any CPU
		{314A22F2-1509-4818-9759-ABCE43F9F84E}.Debug|Any CPU.ActiveCfg = Debug|Any CPU
		{314A22F2-1509-4818-9759-ABCE43F9F84E}.Debug|Any CPU.Build.0 = Debug|Any CPU
		{314A22F2-1509-4818-9759-ABCE43F9F84E}.Release|Any CPU.ActiveCfg = Release|Any CPU
		{314A22F2-1509-4818-9759-ABCE43F9F84E}.Release|Any CPU.Build.0 = Release|Any CPU
		{395D626A-AE58-4C87-9C68-CC7C982DFAE8}.Debug|Any CPU.ActiveCfg = Debug|Any CPU
		{395D626A-AE58-4C87-9C68-CC7C982DFAE8}.Debug|Any CPU.Build.0 = Debug|Any CPU
		{395D626A-AE58-4C87-9C68-CC7C982DFAE8}.Release|Any CPU.ActiveCfg = Release|Any CPU
		{395D626A-AE58-4C87-9C68-CC7C982DFAE8}.Release|Any CPU.Build.0 = Release|Any CPU
	EndGlobalSection
EndGlobal
